
Microsoft Visual Studio Solution File, Format Version 12.00
# Visual Studio 15
VisualStudioVersion = 15.0.28010.2046
MinimumVisualStudioVersion = 10.0.40219.1
Project("{FAE04EC0-301F-11D3-BF4B-00C04F79EFBC}") = "ADXTest", "ADXTest\ADXTest.csproj", "{3174621C-A87D-44EE-BD8B-E908BE20456A}"
EndProject
Project("{930C7802-8A8C-48F9-8165-68863BCCD9DD}") = "ADXTestSetup(1.0.0)", "ADXTest\ADXTestSetup\1.0.0\ADXTestSetup(1.0.0).wixproj", "{6A9B71A9-3BD7-4113-B4B1-02B07964FA39}"
EndProject
Global
	GlobalSection(SolutionConfigurationPlatforms) = preSolution
		Debug|Any CPU = Debug|Any CPU
		Debug|x86 = Debug|x86
		Release|Any CPU = Release|Any CPU
		Release|x86 = Release|x86
	EndGlobalSection
	GlobalSection(ProjectConfigurationPlatforms) = postSolution
		{3174621C-A87D-44EE-BD8B-E908BE20456A}.Debug|Any CPU.ActiveCfg = Debug|Any CPU
		{3174621C-A87D-44EE-BD8B-E908BE20456A}.Debug|Any CPU.Build.0 = Debug|Any CPU
		{3174621C-A87D-44EE-BD8B-E908BE20456A}.Debug|x86.ActiveCfg = Debug|Any CPU
		{3174621C-A87D-44EE-BD8B-E908BE20456A}.Debug|x86.Build.0 = Debug|Any CPU
		{3174621C-A87D-44EE-BD8B-E908BE20456A}.Release|Any CPU.ActiveCfg = Release|Any CPU
		{3174621C-A87D-44EE-BD8B-E908BE20456A}.Release|Any CPU.Build.0 = Release|Any CPU
		{3174621C-A87D-44EE-BD8B-E908BE20456A}.Release|x86.ActiveCfg = Release|Any CPU
		{3174621C-A87D-44EE-BD8B-E908BE20456A}.Release|x86.Build.0 = Release|Any CPU
		{6A9B71A9-3BD7-4113-B4B1-02B07964FA39}.Debug|Any CPU.ActiveCfg = Debug|x86
		{6A9B71A9-3BD7-4113-B4B1-02B07964FA39}.Debug|x86.ActiveCfg = Debug|x86
		{6A9B71A9-3BD7-4113-B4B1-02B07964FA39}.Debug|x86.Build.0 = Debug|x86
		{6A9B71A9-3BD7-4113-B4B1-02B07964FA39}.Release|Any CPU.ActiveCfg = Release|x86
		{6A9B71A9-3BD7-4113-B4B1-02B07964FA39}.Release|x86.ActiveCfg = Release|x86
		{6A9B71A9-3BD7-4113-B4B1-02B07964FA39}.Release|x86.Build.0 = Release|x86
	EndGlobalSection
	GlobalSection(SolutionProperties) = preSolution
		HideSolutionNode = FALSE
	EndGlobalSection
	GlobalSection(ExtensibilityGlobals) = postSolution
		SolutionGuid = {3B8C7893-D83B-4C2A-A7DB-982762BA8E2D}
	EndGlobalSection
EndGlobal
